// !$*UTF8*$!
{
	archiveVersion = 1;
	classes = {
	};
	objectVersion = 50;
	objects = {

/* Begin PBXBuildFile section */
		090BDEC1223B62D80088465A /* UIImageView+Curves.swift in Sources */ = {isa = PBXBuildFile; fileRef = 090BDEC0223B62D80088465A /* UIImageView+Curves.swift */; };
		090BDEC7223BED920088465A /* ProfileCell.swift in Sources */ = {isa = PBXBuildFile; fileRef = 090BDEC6223BED920088465A /* ProfileCell.swift */; };
		090BDEC9223BEDD00088465A /* ProfileCell.xib in Resources */ = {isa = PBXBuildFile; fileRef = 090BDEC8223BEDD00088465A /* ProfileCell.xib */; };
		090BDECB223C08570088465A /* EditViewController.swift in Sources */ = {isa = PBXBuildFile; fileRef = 090BDECA223C08570088465A /* EditViewController.swift */; };
		090BDECD223C101A0088465A /* EditCell.swift in Sources */ = {isa = PBXBuildFile; fileRef = 090BDECC223C101A0088465A /* EditCell.swift */; };
		090BDECF223C2DA20088465A /* BioCell.swift in Sources */ = {isa = PBXBuildFile; fileRef = 090BDECE223C2DA20088465A /* BioCell.swift */; };
		090BDED1223C33E30088465A /* EditBioViewController.swift in Sources */ = {isa = PBXBuildFile; fileRef = 090BDED0223C33E30088465A /* EditBioViewController.swift */; };
		090BDED3223C3FA70088465A /* SearchFellowResultController.swift in Sources */ = {isa = PBXBuildFile; fileRef = 090BDED2223C3FA70088465A /* SearchFellowResultController.swift */; };
		09111E272243412500992A42 /* Comment.swift in Sources */ = {isa = PBXBuildFile; fileRef = 09111E262243412500992A42 /* Comment.swift */; };
		095331022242EA6900DB51D8 /* Like.swift in Sources */ = {isa = PBXBuildFile; fileRef = 095331012242EA6900DB51D8 /* Like.swift */; };
		095331062242EB2000DB51D8 /* CommentsCollectionKeys.swift in Sources */ = {isa = PBXBuildFile; fileRef = 095331042242EB2000DB51D8 /* CommentsCollectionKeys.swift */; };
		095331072242EB2000DB51D8 /* LikesCollectionKeys.swift in Sources */ = {isa = PBXBuildFile; fileRef = 095331052242EB2000DB51D8 /* LikesCollectionKeys.swift */; };
		096461B7223F15C800665894 /* FeedCell.swift in Sources */ = {isa = PBXBuildFile; fileRef = 096461B6223F15C800665894 /* FeedCell.swift */; };
		096461B9223F28FB00665894 /* EditBloggViewController.swift in Sources */ = {isa = PBXBuildFile; fileRef = 096461B8223F28FB00665894 /* EditBloggViewController.swift */; };
		096461BB223FE2BC00665894 /* UIViewcontroller+extension.swift in Sources */ = {isa = PBXBuildFile; fileRef = 096461BA223FE2BC00665894 /* UIViewcontroller+extension.swift */; };
		096461BD2240142200665894 /* DBService+Bloggers.swift in Sources */ = {isa = PBXBuildFile; fileRef = 096461BC2240142200665894 /* DBService+Bloggers.swift */; };
		096461BF2240273F00665894 /* DetailViewController.swift in Sources */ = {isa = PBXBuildFile; fileRef = 096461BE2240273F00665894 /* DetailViewController.swift */; };
		096BD1952239862700CAD6C8 /* AppDelegate.swift in Sources */ = {isa = PBXBuildFile; fileRef = 096BD1942239862700CAD6C8 /* AppDelegate.swift */; };
		096BD1972239862700CAD6C8 /* ProfileViewController.swift in Sources */ = {isa = PBXBuildFile; fileRef = 096BD1962239862700CAD6C8 /* ProfileViewController.swift */; };
		096BD19A2239862700CAD6C8 /* Main.storyboard in Resources */ = {isa = PBXBuildFile; fileRef = 096BD1982239862700CAD6C8 /* Main.storyboard */; };
		096BD19C2239862B00CAD6C8 /* Assets.xcassets in Resources */ = {isa = PBXBuildFile; fileRef = 096BD19B2239862B00CAD6C8 /* Assets.xcassets */; };
		096BD19F2239862B00CAD6C8 /* LaunchScreen.storyboard in Resources */ = {isa = PBXBuildFile; fileRef = 096BD19D2239862B00CAD6C8 /* LaunchScreen.storyboard */; };
		096BD1A72239884400CAD6C8 /* GoogleService-Info.plist in Resources */ = {isa = PBXBuildFile; fileRef = 096BD1A62239884400CAD6C8 /* GoogleService-Info.plist */; };
		096BD1AA223993F100CAD6C8 /* AuthService.swift in Sources */ = {isa = PBXBuildFile; fileRef = 096BD1A9223993F100CAD6C8 /* AuthService.swift */; };
		096BD1AC2239940200CAD6C8 /* DBService.swift in Sources */ = {isa = PBXBuildFile; fileRef = 096BD1AB2239940200CAD6C8 /* DBService.swift */; };
		096BD1AE2239941900CAD6C8 /* StorageService.swift in Sources */ = {isa = PBXBuildFile; fileRef = 096BD1AD2239941900CAD6C8 /* StorageService.swift */; };
		096BD1B12239950300CAD6C8 /* Blog.swift in Sources */ = {isa = PBXBuildFile; fileRef = 096BD1B02239950300CAD6C8 /* Blog.swift */; };
		096BD1B32239951000CAD6C8 /* Blogger.swift in Sources */ = {isa = PBXBuildFile; fileRef = 096BD1B22239951000CAD6C8 /* Blogger.swift */; };
		096BD1B622399AAC00CAD6C8 /* Date+Extensions.swift in Sources */ = {isa = PBXBuildFile; fileRef = 096BD1B522399AAC00CAD6C8 /* Date+Extensions.swift */; };
		096BD1B822399AD200CAD6C8 /* String+Date.swift in Sources */ = {isa = PBXBuildFile; fileRef = 096BD1B722399AD200CAD6C8 /* String+Date.swift */; };
		09F4F808223AB52E00FDA7C0 /* Login.storyboard in Resources */ = {isa = PBXBuildFile; fileRef = 09F4F807223AB52E00FDA7C0 /* Login.storyboard */; };
		09F4F80A223AB71000FDA7C0 /* Login.xib in Resources */ = {isa = PBXBuildFile; fileRef = 09F4F809223AB71000FDA7C0 /* Login.xib */; };
		09F4F80C223AC30400FDA7C0 /* LoginView.swift in Sources */ = {isa = PBXBuildFile; fileRef = 09F4F80B223AC30400FDA7C0 /* LoginView.swift */; };
		09F4F80F223AC51F00FDA7C0 /* LoginViewController.swift in Sources */ = {isa = PBXBuildFile; fileRef = 09F4F80E223AC51F00FDA7C0 /* LoginViewController.swift */; };
		09F4F813223AD29600FDA7C0 /* FellowSearchViewController.swift in Sources */ = {isa = PBXBuildFile; fileRef = 09F4F812223AD29600FDA7C0 /* FellowSearchViewController.swift */; };
		09F4F815223AD2A500FDA7C0 /* NewsFeedViewController.swift in Sources */ = {isa = PBXBuildFile; fileRef = 09F4F814223AD2A500FDA7C0 /* NewsFeedViewController.swift */; };
		09F4F818223AD35100FDA7C0 /* MainTabController.swift in Sources */ = {isa = PBXBuildFile; fileRef = 09F4F817223AD35100FDA7C0 /* MainTabController.swift */; };
		09F4F81A223AF1EB00FDA7C0 /* UIViewController+Alerts.swift in Sources */ = {isa = PBXBuildFile; fileRef = 09F4F819223AF1EB00FDA7C0 /* UIViewController+Alerts.swift */; };
		09F4F81C223AFB6600FDA7C0 /* IBDesignableViews.swift in Sources */ = {isa = PBXBuildFile; fileRef = 09F4F81B223AFB6600FDA7C0 /* IBDesignableViews.swift */; };
		09F4F81E223B006400FDA7C0 /* ProfileHeader.xib in Resources */ = {isa = PBXBuildFile; fileRef = 09F4F81D223B006400FDA7C0 /* ProfileHeader.xib */; };
		09F4F820223B09BA00FDA7C0 /* ProfileView.swift in Sources */ = {isa = PBXBuildFile; fileRef = 09F4F81F223B09BA00FDA7C0 /* ProfileView.swift */; };
		C638D1BAAC2DE18C776178EF /* Pods_FellowBloggerV2.framework in Frameworks */ = {isa = PBXBuildFile; fileRef = 40D4537D00FFAAAE0DC1AC34 /* Pods_FellowBloggerV2.framework */; };
/* End PBXBuildFile section */

/* Begin PBXFileReference section */
		090BDEC0223B62D80088465A /* UIImageView+Curves.swift */ = {isa = PBXFileReference; lastKnownFileType = sourcecode.swift; path = "UIImageView+Curves.swift"; sourceTree = "<group>"; };
		090BDEC6223BED920088465A /* ProfileCell.swift */ = {isa = PBXFileReference; fileEncoding = 4; lastKnownFileType = sourcecode.swift; path = ProfileCell.swift; sourceTree = "<group>"; };
		090BDEC8223BEDD00088465A /* ProfileCell.xib */ = {isa = PBXFileReference; lastKnownFileType = file.xib; path = ProfileCell.xib; sourceTree = "<group>"; };
		090BDECA223C08570088465A /* EditViewController.swift */ = {isa = PBXFileReference; lastKnownFileType = sourcecode.swift; path = EditViewController.swift; sourceTree = "<group>"; };
		090BDECC223C101A0088465A /* EditCell.swift */ = {isa = PBXFileReference; lastKnownFileType = sourcecode.swift; path = EditCell.swift; sourceTree = "<group>"; };
		090BDECE223C2DA20088465A /* BioCell.swift */ = {isa = PBXFileReference; lastKnownFileType = sourcecode.swift; path = BioCell.swift; sourceTree = "<group>"; };
		090BDED0223C33E30088465A /* EditBioViewController.swift */ = {isa = PBXFileReference; lastKnownFileType = sourcecode.swift; path = EditBioViewController.swift; sourceTree = "<group>"; };
		090BDED2223C3FA70088465A /* SearchFellowResultController.swift */ = {isa = PBXFileReference; lastKnownFileType = sourcecode.swift; path = SearchFellowResultController.swift; sourceTree = "<group>"; };
		09111E262243412500992A42 /* Comment.swift */ = {isa = PBXFileReference; fileEncoding = 4; lastKnownFileType = sourcecode.swift; path = Comment.swift; sourceTree = "<group>"; };
		095331012242EA6900DB51D8 /* Like.swift */ = {isa = PBXFileReference; fileEncoding = 4; lastKnownFileType = sourcecode.swift; path = Like.swift; sourceTree = "<group>"; };
		095331042242EB2000DB51D8 /* CommentsCollectionKeys.swift */ = {isa = PBXFileReference; fileEncoding = 4; lastKnownFileType = sourcecode.swift; path = CommentsCollectionKeys.swift; sourceTree = "<group>"; };
		095331052242EB2000DB51D8 /* LikesCollectionKeys.swift */ = {isa = PBXFileReference; fileEncoding = 4; lastKnownFileType = sourcecode.swift; path = LikesCollectionKeys.swift; sourceTree = "<group>"; };
		096461B6223F15C800665894 /* FeedCell.swift */ = {isa = PBXFileReference; lastKnownFileType = sourcecode.swift; path = FeedCell.swift; sourceTree = "<group>"; };
		096461B8223F28FB00665894 /* EditBloggViewController.swift */ = {isa = PBXFileReference; lastKnownFileType = sourcecode.swift; path = EditBloggViewController.swift; sourceTree = "<group>"; };
		096461BA223FE2BC00665894 /* UIViewcontroller+extension.swift */ = {isa = PBXFileReference; lastKnownFileType = sourcecode.swift; path = "UIViewcontroller+extension.swift"; sourceTree = "<group>"; };
		096461BC2240142200665894 /* DBService+Bloggers.swift */ = {isa = PBXFileReference; lastKnownFileType = sourcecode.swift; path = "DBService+Bloggers.swift"; sourceTree = "<group>"; };
		096461BE2240273F00665894 /* DetailViewController.swift */ = {isa = PBXFileReference; lastKnownFileType = sourcecode.swift; path = DetailViewController.swift; sourceTree = "<group>"; };
		096BD1912239862700CAD6C8 /* FellowBloggerV2.app */ = {isa = PBXFileReference; explicitFileType = wrapper.application; includeInIndex = 0; path = FellowBloggerV2.app; sourceTree = BUILT_PRODUCTS_DIR; };
		096BD1942239862700CAD6C8 /* AppDelegate.swift */ = {isa = PBXFileReference; lastKnownFileType = sourcecode.swift; path = AppDelegate.swift; sourceTree = "<group>"; };
		096BD1962239862700CAD6C8 /* ProfileViewController.swift */ = {isa = PBXFileReference; lastKnownFileType = sourcecode.swift; path = ProfileViewController.swift; sourceTree = "<group>"; };
		096BD1992239862700CAD6C8 /* Base */ = {isa = PBXFileReference; lastKnownFileType = file.storyboard; name = Base; path = Base.lproj/Main.storyboard; sourceTree = "<group>"; };
		096BD19B2239862B00CAD6C8 /* Assets.xcassets */ = {isa = PBXFileReference; lastKnownFileType = folder.assetcatalog; path = Assets.xcassets; sourceTree = "<group>"; };
		096BD19E2239862B00CAD6C8 /* Base */ = {isa = PBXFileReference; lastKnownFileType = file.storyboard; name = Base; path = Base.lproj/LaunchScreen.storyboard; sourceTree = "<group>"; };
		096BD1A02239862B00CAD6C8 /* Info.plist */ = {isa = PBXFileReference; lastKnownFileType = text.plist.xml; path = Info.plist; sourceTree = "<group>"; };
		096BD1A62239884400CAD6C8 /* GoogleService-Info.plist */ = {isa = PBXFileReference; fileEncoding = 4; lastKnownFileType = text.plist.xml; path = "GoogleService-Info.plist"; sourceTree = "<group>"; };
		096BD1A9223993F100CAD6C8 /* AuthService.swift */ = {isa = PBXFileReference; lastKnownFileType = sourcecode.swift; path = AuthService.swift; sourceTree = "<group>"; };
		096BD1AB2239940200CAD6C8 /* DBService.swift */ = {isa = PBXFileReference; lastKnownFileType = sourcecode.swift; path = DBService.swift; sourceTree = "<group>"; };
		096BD1AD2239941900CAD6C8 /* StorageService.swift */ = {isa = PBXFileReference; lastKnownFileType = sourcecode.swift; path = StorageService.swift; sourceTree = "<group>"; };
		096BD1B02239950300CAD6C8 /* Blog.swift */ = {isa = PBXFileReference; lastKnownFileType = sourcecode.swift; path = Blog.swift; sourceTree = "<group>"; };
		096BD1B22239951000CAD6C8 /* Blogger.swift */ = {isa = PBXFileReference; lastKnownFileType = sourcecode.swift; path = Blogger.swift; sourceTree = "<group>"; };
		096BD1B522399AAC00CAD6C8 /* Date+Extensions.swift */ = {isa = PBXFileReference; lastKnownFileType = sourcecode.swift; path = "Date+Extensions.swift"; sourceTree = "<group>"; };
		096BD1B722399AD200CAD6C8 /* String+Date.swift */ = {isa = PBXFileReference; lastKnownFileType = sourcecode.swift; path = "String+Date.swift"; sourceTree = "<group>"; };
		09F4F807223AB52E00FDA7C0 /* Login.storyboard */ = {isa = PBXFileReference; lastKnownFileType = file.storyboard; path = Login.storyboard; sourceTree = "<group>"; };
		09F4F809223AB71000FDA7C0 /* Login.xib */ = {isa = PBXFileReference; lastKnownFileType = file.xib; path = Login.xib; sourceTree = "<group>"; };
		09F4F80B223AC30400FDA7C0 /* LoginView.swift */ = {isa = PBXFileReference; lastKnownFileType = sourcecode.swift; path = LoginView.swift; sourceTree = "<group>"; };
		09F4F80E223AC51F00FDA7C0 /* LoginViewController.swift */ = {isa = PBXFileReference; lastKnownFileType = sourcecode.swift; path = LoginViewController.swift; sourceTree = "<group>"; };
		09F4F812223AD29600FDA7C0 /* FellowSearchViewController.swift */ = {isa = PBXFileReference; lastKnownFileType = sourcecode.swift; path = FellowSearchViewController.swift; sourceTree = "<group>"; };
		09F4F814223AD2A500FDA7C0 /* NewsFeedViewController.swift */ = {isa = PBXFileReference; lastKnownFileType = sourcecode.swift; path = NewsFeedViewController.swift; sourceTree = "<group>"; };
		09F4F817223AD35100FDA7C0 /* MainTabController.swift */ = {isa = PBXFileReference; lastKnownFileType = sourcecode.swift; path = MainTabController.swift; sourceTree = "<group>"; };
		09F4F819223AF1EB00FDA7C0 /* UIViewController+Alerts.swift */ = {isa = PBXFileReference; fileEncoding = 4; lastKnownFileType = sourcecode.swift; path = "UIViewController+Alerts.swift"; sourceTree = "<group>"; };
		09F4F81B223AFB6600FDA7C0 /* IBDesignableViews.swift */ = {isa = PBXFileReference; fileEncoding = 4; lastKnownFileType = sourcecode.swift; path = IBDesignableViews.swift; sourceTree = "<group>"; };
		09F4F81D223B006400FDA7C0 /* ProfileHeader.xib */ = {isa = PBXFileReference; lastKnownFileType = file.xib; path = ProfileHeader.xib; sourceTree = "<group>"; };
		09F4F81F223B09BA00FDA7C0 /* ProfileView.swift */ = {isa = PBXFileReference; lastKnownFileType = sourcecode.swift; path = ProfileView.swift; sourceTree = "<group>"; };
		1F19228C391A4F4F8C01A6C6 /* Pods-FellowBloggerV2.release.xcconfig */ = {isa = PBXFileReference; includeInIndex = 1; lastKnownFileType = text.xcconfig; name = "Pods-FellowBloggerV2.release.xcconfig"; path = "Target Support Files/Pods-FellowBloggerV2/Pods-FellowBloggerV2.release.xcconfig"; sourceTree = "<group>"; };
		40D4537D00FFAAAE0DC1AC34 /* Pods_FellowBloggerV2.framework */ = {isa = PBXFileReference; explicitFileType = wrapper.framework; includeInIndex = 0; path = Pods_FellowBloggerV2.framework; sourceTree = BUILT_PRODUCTS_DIR; };
		5F5402084E106FF840BAC930 /* Pods-FellowBloggerV2.debug.xcconfig */ = {isa = PBXFileReference; includeInIndex = 1; lastKnownFileType = text.xcconfig; name = "Pods-FellowBloggerV2.debug.xcconfig"; path = "Target Support Files/Pods-FellowBloggerV2/Pods-FellowBloggerV2.debug.xcconfig"; sourceTree = "<group>"; };
/* End PBXFileReference section */

/* Begin PBXFrameworksBuildPhase section */
		096BD18E2239862700CAD6C8 /* Frameworks */ = {
			isa = PBXFrameworksBuildPhase;
			buildActionMask = 2147483647;
			files = (
				C638D1BAAC2DE18C776178EF /* Pods_FellowBloggerV2.framework in Frameworks */,
			);
			runOnlyForDeploymentPostprocessing = 0;
		};
/* End PBXFrameworksBuildPhase section */

/* Begin PBXGroup section */
		090BDEC5223BED890088465A /* Cells */ = {
			isa = PBXGroup;
			children = (
				090BDEC6223BED920088465A /* ProfileCell.swift */,
				090BDEC8223BEDD00088465A /* ProfileCell.xib */,
				090BDECC223C101A0088465A /* EditCell.swift */,
				090BDECE223C2DA20088465A /* BioCell.swift */,
				096461B6223F15C800665894 /* FeedCell.swift */,
			);
			path = Cells;
			sourceTree = "<group>";
		};
		095331032242EAD600DB51D8 /* keys */ = {
			isa = PBXGroup;
			children = (
				095331042242EB2000DB51D8 /* CommentsCollectionKeys.swift */,
				095331052242EB2000DB51D8 /* LikesCollectionKeys.swift */,
			);
			path = keys;
			sourceTree = "<group>";
		};
		096BD1882239862700CAD6C8 = {
			isa = PBXGroup;
			children = (
				096BD1932239862700CAD6C8 /* FellowBloggerV2 */,
				096BD1922239862700CAD6C8 /* Products */,
				A9AFEC735E8D959FD53E9AB1 /* Pods */,
				6F03F61B7E6648F7ACCE3A7A /* Frameworks */,
			);
			sourceTree = "<group>";
		};
		096BD1922239862700CAD6C8 /* Products */ = {
			isa = PBXGroup;
			children = (
				096BD1912239862700CAD6C8 /* FellowBloggerV2.app */,
			);
			name = Products;
			sourceTree = "<group>";
		};
		096BD1932239862700CAD6C8 /* FellowBloggerV2 */ = {
			isa = PBXGroup;
			children = (
				095331032242EAD600DB51D8 /* keys */,
				090BDEC5223BED890088465A /* Cells */,
				09F4F816223AD2EE00FDA7C0 /* supporting Files */,
				09F4F811223AC54500FDA7C0 /* Storyboards */,
				09F4F810223AC52800FDA7C0 /* Views */,
				09F4F80D223AC50C00FDA7C0 /* Controllers */,
				096BD1B422399A7200CAD6C8 /* Extensions */,
				096BD1AF223994F000CAD6C8 /* Models */,
				096BD1A8223993C200CAD6C8 /* Firebase Services */,
				096BD1A02239862B00CAD6C8 /* Info.plist */,
				096BD1A62239884400CAD6C8 /* GoogleService-Info.plist */,
			);
			path = FellowBloggerV2;
			sourceTree = "<group>";
		};
		096BD1A8223993C200CAD6C8 /* Firebase Services */ = {
			isa = PBXGroup;
			children = (
				096BD1A9223993F100CAD6C8 /* AuthService.swift */,
				096BD1AB2239940200CAD6C8 /* DBService.swift */,
				096BD1AD2239941900CAD6C8 /* StorageService.swift */,
			);
			path = "Firebase Services";
			sourceTree = "<group>";
		};
		096BD1AF223994F000CAD6C8 /* Models */ = {
			isa = PBXGroup;
			children = (
				095331012242EA6900DB51D8 /* Like.swift */,
				096BD1B02239950300CAD6C8 /* Blog.swift */,
				096BD1B22239951000CAD6C8 /* Blogger.swift */,
				09111E262243412500992A42 /* Comment.swift */,
			);
			path = Models;
			sourceTree = "<group>";
		};
		096BD1B422399A7200CAD6C8 /* Extensions */ = {
			isa = PBXGroup;
			children = (
				09F4F819223AF1EB00FDA7C0 /* UIViewController+Alerts.swift */,
				096BD1B522399AAC00CAD6C8 /* Date+Extensions.swift */,
				096BD1B722399AD200CAD6C8 /* String+Date.swift */,
				090BDEC0223B62D80088465A /* UIImageView+Curves.swift */,
				096461BC2240142200665894 /* DBService+Bloggers.swift */,
			);
			path = Extensions;
			sourceTree = "<group>";
		};
		09F4F80D223AC50C00FDA7C0 /* Controllers */ = {
			isa = PBXGroup;
			children = (
				096461B8223F28FB00665894 /* EditBloggViewController.swift */,
				09F4F80E223AC51F00FDA7C0 /* LoginViewController.swift */,
				096BD1962239862700CAD6C8 /* ProfileViewController.swift */,
				09F4F812223AD29600FDA7C0 /* FellowSearchViewController.swift */,
				09F4F814223AD2A500FDA7C0 /* NewsFeedViewController.swift */,
				096461BA223FE2BC00665894 /* UIViewcontroller+extension.swift */,
				09F4F817223AD35100FDA7C0 /* MainTabController.swift */,
				090BDECA223C08570088465A /* EditViewController.swift */,
				090BDED0223C33E30088465A /* EditBioViewController.swift */,
				090BDED2223C3FA70088465A /* SearchFellowResultController.swift */,
				096461BE2240273F00665894 /* DetailViewController.swift */,
			);
			path = Controllers;
			sourceTree = "<group>";
		};
		09F4F810223AC52800FDA7C0 /* Views */ = {
			isa = PBXGroup;
			children = (
				09F4F809223AB71000FDA7C0 /* Login.xib */,
				09F4F80B223AC30400FDA7C0 /* LoginView.swift */,
				09F4F81B223AFB6600FDA7C0 /* IBDesignableViews.swift */,
				09F4F81D223B006400FDA7C0 /* ProfileHeader.xib */,
				09F4F81F223B09BA00FDA7C0 /* ProfileView.swift */,
			);
			path = Views;
			sourceTree = "<group>";
		};
		09F4F811223AC54500FDA7C0 /* Storyboards */ = {
			isa = PBXGroup;
			children = (
				096BD1982239862700CAD6C8 /* Main.storyboard */,
				09F4F807223AB52E00FDA7C0 /* Login.storyboard */,
				096BD19D2239862B00CAD6C8 /* LaunchScreen.storyboard */,
			);
			path = Storyboards;
			sourceTree = "<group>";
		};
		09F4F816223AD2EE00FDA7C0 /* supporting Files */ = {
			isa = PBXGroup;
			children = (
				096BD1942239862700CAD6C8 /* AppDelegate.swift */,
				096BD19B2239862B00CAD6C8 /* Assets.xcassets */,
			);
			path = "supporting Files";
			sourceTree = "<group>";
		};
		6F03F61B7E6648F7ACCE3A7A /* Frameworks */ = {
			isa = PBXGroup;
			children = (
				40D4537D00FFAAAE0DC1AC34 /* Pods_FellowBloggerV2.framework */,
			);
			name = Frameworks;
			sourceTree = "<group>";
		};
		A9AFEC735E8D959FD53E9AB1 /* Pods */ = {
			isa = PBXGroup;
			children = (
				5F5402084E106FF840BAC930 /* Pods-FellowBloggerV2.debug.xcconfig */,
				1F19228C391A4F4F8C01A6C6 /* Pods-FellowBloggerV2.release.xcconfig */,
			);
			path = Pods;
			sourceTree = "<group>";
		};
/* End PBXGroup section */

/* Begin PBXNativeTarget section */
		096BD1902239862700CAD6C8 /* FellowBloggerV2 */ = {
			isa = PBXNativeTarget;
			buildConfigurationList = 096BD1A32239862B00CAD6C8 /* Build configuration list for PBXNativeTarget "FellowBloggerV2" */;
			buildPhases = (
				BFAC35D6EA45DFC28D8D9276 /* [CP] Check Pods Manifest.lock */,
				096BD18D2239862700CAD6C8 /* Sources */,
				096BD18E2239862700CAD6C8 /* Frameworks */,
				096BD18F2239862700CAD6C8 /* Resources */,
				8A51F5BF7BDAA1B1AEAF3F0C /* [CP] Embed Pods Frameworks */,
			);
			buildRules = (
			);
			dependencies = (
			);
			name = FellowBloggerV2;
			productName = FellowBloggerV2;
			productReference = 096BD1912239862700CAD6C8 /* FellowBloggerV2.app */;
			productType = "com.apple.product-type.application";
		};
/* End PBXNativeTarget section */

/* Begin PBXProject section */
		096BD1892239862700CAD6C8 /* Project object */ = {
			isa = PBXProject;
			attributes = {
				LastSwiftUpdateCheck = 1010;
				LastUpgradeCheck = 1010;
				ORGANIZATIONNAME = "Oniel Rosario";
				TargetAttributes = {
					096BD1902239862700CAD6C8 = {
						CreatedOnToolsVersion = 10.1;
					};
				};
			};
			buildConfigurationList = 096BD18C2239862700CAD6C8 /* Build configuration list for PBXProject "FellowBloggerV2" */;
			compatibilityVersion = "Xcode 9.3";
			developmentRegion = en;
			hasScannedForEncodings = 0;
			knownRegions = (
				en,
				Base,
			);
			mainGroup = 096BD1882239862700CAD6C8;
			productRefGroup = 096BD1922239862700CAD6C8 /* Products */;
			projectDirPath = "";
			projectRoot = "";
			targets = (
				096BD1902239862700CAD6C8 /* FellowBloggerV2 */,
			);
		};
/* End PBXProject section */

/* Begin PBXResourcesBuildPhase section */
		096BD18F2239862700CAD6C8 /* Resources */ = {
			isa = PBXResourcesBuildPhase;
			buildActionMask = 2147483647;
			files = (
				096BD19F2239862B00CAD6C8 /* LaunchScreen.storyboard in Resources */,
				090BDEC9223BEDD00088465A /* ProfileCell.xib in Resources */,
				096BD1A72239884400CAD6C8 /* GoogleService-Info.plist in Resources */,
				096BD19C2239862B00CAD6C8 /* Assets.xcassets in Resources */,
				09F4F81E223B006400FDA7C0 /* ProfileHeader.xib in Resources */,
				09F4F808223AB52E00FDA7C0 /* Login.storyboard in Resources */,
				096BD19A2239862700CAD6C8 /* Main.storyboard in Resources */,
				09F4F80A223AB71000FDA7C0 /* Login.xib in Resources */,
			);
			runOnlyForDeploymentPostprocessing = 0;
		};
/* End PBXResourcesBuildPhase section */

/* Begin PBXShellScriptBuildPhase section */
		8A51F5BF7BDAA1B1AEAF3F0C /* [CP] Embed Pods Frameworks */ = {
			isa = PBXShellScriptBuildPhase;
			buildActionMask = 2147483647;
			files = (
			);
			inputFileListPaths = (
			);
			inputPaths = (
				"${PODS_ROOT}/Target Support Files/Pods-FellowBloggerV2/Pods-FellowBloggerV2-frameworks.sh",
				"${BUILT_PRODUCTS_DIR}/BoringSSL-GRPC/openssl_grpc.framework",
				"${BUILT_PRODUCTS_DIR}/GTMSessionFetcher/GTMSessionFetcher.framework",
				"${BUILT_PRODUCTS_DIR}/GoogleUtilities/GoogleUtilities.framework",
				"${BUILT_PRODUCTS_DIR}/Kingfisher/Kingfisher.framework",
				"${BUILT_PRODUCTS_DIR}/Protobuf/Protobuf.framework",
				"${BUILT_PRODUCTS_DIR}/Toucan/Toucan.framework",
				"${BUILT_PRODUCTS_DIR}/gRPC-C++/grpcpp.framework",
				"${BUILT_PRODUCTS_DIR}/gRPC-Core/grpc.framework",
				"${BUILT_PRODUCTS_DIR}/leveldb-library/leveldb.framework",
				"${BUILT_PRODUCTS_DIR}/nanopb/nanopb.framework",
			);
			name = "[CP] Embed Pods Frameworks";
			outputFileListPaths = (
			);
			outputPaths = (
				"${TARGET_BUILD_DIR}/${FRAMEWORKS_FOLDER_PATH}/openssl_grpc.framework",
				"${TARGET_BUILD_DIR}/${FRAMEWORKS_FOLDER_PATH}/GTMSessionFetcher.framework",
				"${TARGET_BUILD_DIR}/${FRAMEWORKS_FOLDER_PATH}/GoogleUtilities.framework",
				"${TARGET_BUILD_DIR}/${FRAMEWORKS_FOLDER_PATH}/Kingfisher.framework",
				"${TARGET_BUILD_DIR}/${FRAMEWORKS_FOLDER_PATH}/Protobuf.framework",
				"${TARGET_BUILD_DIR}/${FRAMEWORKS_FOLDER_PATH}/Toucan.framework",
				"${TARGET_BUILD_DIR}/${FRAMEWORKS_FOLDER_PATH}/grpcpp.framework",
				"${TARGET_BUILD_DIR}/${FRAMEWORKS_FOLDER_PATH}/grpc.framework",
				"${TARGET_BUILD_DIR}/${FRAMEWORKS_FOLDER_PATH}/leveldb.framework",
				"${TARGET_BUILD_DIR}/${FRAMEWORKS_FOLDER_PATH}/nanopb.framework",
			);
			runOnlyForDeploymentPostprocessing = 0;
			shellPath = /bin/sh;
			shellScript = "\"${PODS_ROOT}/Target Support Files/Pods-FellowBloggerV2/Pods-FellowBloggerV2-frameworks.sh\"\n";
			showEnvVarsInLog = 0;
		};
		BFAC35D6EA45DFC28D8D9276 /* [CP] Check Pods Manifest.lock */ = {
			isa = PBXShellScriptBuildPhase;
			buildActionMask = 2147483647;
			files = (
			);
			inputFileListPaths = (
			);
			inputPaths = (
				"${PODS_PODFILE_DIR_PATH}/Podfile.lock",
				"${PODS_ROOT}/Manifest.lock",
			);
			name = "[CP] Check Pods Manifest.lock";
			outputFileListPaths = (
			);
			outputPaths = (
				"$(DERIVED_FILE_DIR)/Pods-FellowBloggerV2-checkManifestLockResult.txt",
			);
			runOnlyForDeploymentPostprocessing = 0;
			shellPath = /bin/sh;
			shellScript = "diff \"${PODS_PODFILE_DIR_PATH}/Podfile.lock\" \"${PODS_ROOT}/Manifest.lock\" > /dev/null\nif [ $? != 0 ] ; then\n    # print error to STDERR\n    echo \"error: The sandbox is not in sync with the Podfile.lock. Run 'pod install' or update your CocoaPods installation.\" >&2\n    exit 1\nfi\n# This output is used by Xcode 'outputs' to avoid re-running this script phase.\necho \"SUCCESS\" > \"${SCRIPT_OUTPUT_FILE_0}\"\n";
			showEnvVarsInLog = 0;
		};
/* End PBXShellScriptBuildPhase section */

/* Begin PBXSourcesBuildPhase section */
		096BD18D2239862700CAD6C8 /* Sources */ = {
			isa = PBXSourcesBuildPhase;
			buildActionMask = 2147483647;
			files = (
				090BDECB223C08570088465A /* EditViewController.swift in Sources */,
				096BD1AE2239941900CAD6C8 /* StorageService.swift in Sources */,
				096BD1B622399AAC00CAD6C8 /* Date+Extensions.swift in Sources */,
				09F4F818223AD35100FDA7C0 /* MainTabController.swift in Sources */,
				096BD1AA223993F100CAD6C8 /* AuthService.swift in Sources */,
				09111E272243412500992A42 /* Comment.swift in Sources */,
				090BDED1223C33E30088465A /* EditBioViewController.swift in Sources */,
				095331072242EB2000DB51D8 /* LikesCollectionKeys.swift in Sources */,
				096BD1B32239951000CAD6C8 /* Blogger.swift in Sources */,
				096BD1AC2239940200CAD6C8 /* DBService.swift in Sources */,
				096BD1B12239950300CAD6C8 /* Blog.swift in Sources */,
				096461BF2240273F00665894 /* DetailViewController.swift in Sources */,
				096BD1972239862700CAD6C8 /* ProfileViewController.swift in Sources */,
				096BD1B822399AD200CAD6C8 /* String+Date.swift in Sources */,
				096461BB223FE2BC00665894 /* UIViewcontroller+extension.swift in Sources */,
				095331062242EB2000DB51D8 /* CommentsCollectionKeys.swift in Sources */,
				090BDECF223C2DA20088465A /* BioCell.swift in Sources */,
				09F4F820223B09BA00FDA7C0 /* ProfileView.swift in Sources */,
				09F4F81C223AFB6600FDA7C0 /* IBDesignableViews.swift in Sources */,
				095331022242EA6900DB51D8 /* Like.swift in Sources */,
				09F4F80C223AC30400FDA7C0 /* LoginView.swift in Sources */,
				096BD1952239862700CAD6C8 /* AppDelegate.swift in Sources */,
				09F4F813223AD29600FDA7C0 /* FellowSearchViewController.swift in Sources */,
				090BDEC1223B62D80088465A /* UIImageView+Curves.swift in Sources */,
				096461B9223F28FB00665894 /* EditBloggViewController.swift in Sources */,
				090BDEC7223BED920088465A /* ProfileCell.swift in Sources */,
				090BDED3223C3FA70088465A /* SearchFellowResultController.swift in Sources */,
				096461BD2240142200665894 /* DBService+Bloggers.swift in Sources */,
				09F4F80F223AC51F00FDA7C0 /* LoginViewController.swift in Sources */,
				096461B7223F15C800665894 /* FeedCell.swift in Sources */,
				090BDECD223C101A0088465A /* EditCell.swift in Sources */,
				09F4F81A223AF1EB00FDA7C0 /* UIViewController+Alerts.swift in Sources */,
				09F4F815223AD2A500FDA7C0 /* NewsFeedViewController.swift in Sources */,
			);
			runOnlyForDeploymentPostprocessing = 0;
		};
/* End PBXSourcesBuildPhase section */

/* Begin PBXVariantGroup section */
		096BD1982239862700CAD6C8 /* Main.storyboard */ = {
			isa = PBXVariantGroup;
			children = (
				096BD1992239862700CAD6C8 /* Base */,
			);
			name = Main.storyboard;
			sourceTree = "<group>";
		};
		096BD19D2239862B00CAD6C8 /* LaunchScreen.storyboard */ = {
			isa = PBXVariantGroup;
			children = (
				096BD19E2239862B00CAD6C8 /* Base */,
			);
			name = LaunchScreen.storyboard;
			sourceTree = "<group>";
		};
/* End PBXVariantGroup section */

/* Begin XCBuildConfiguration section */
		096BD1A12239862B00CAD6C8 /* Debug */ = {
			isa = XCBuildConfiguration;
			buildSettings = {
				ALWAYS_SEARCH_USER_PATHS = NO;
				CLANG_ANALYZER_NONNULL = YES;
				CLANG_ANALYZER_NUMBER_OBJECT_CONVERSION = YES_AGGRESSIVE;
				CLANG_CXX_LANGUAGE_STANDARD = "gnu++14";
				CLANG_CXX_LIBRARY = "libc++";
				CLANG_ENABLE_MODULES = YES;
				CLANG_ENABLE_OBJC_ARC = YES;
				CLANG_ENABLE_OBJC_WEAK = YES;
				CLANG_WARN_BLOCK_CAPTURE_AUTORELEASING = YES;
				CLANG_WARN_BOOL_CONVERSION = YES;
				CLANG_WARN_COMMA = YES;
				CLANG_WARN_CONSTANT_CONVERSION = YES;
				CLANG_WARN_DEPRECATED_OBJC_IMPLEMENTATIONS = YES;
				CLANG_WARN_DIRECT_OBJC_ISA_USAGE = YES_ERROR;
				CLANG_WARN_DOCUMENTATION_COMMENTS = YES;
				CLANG_WARN_EMPTY_BODY = YES;
				CLANG_WARN_ENUM_CONVERSION = YES;
				CLANG_WARN_INFINITE_RECURSION = YES;
				CLANG_WARN_INT_CONVERSION = YES;
				CLANG_WARN_NON_LITERAL_NULL_CONVERSION = YES;
				CLANG_WARN_OBJC_IMPLICIT_RETAIN_SELF = YES;
				CLANG_WARN_OBJC_LITERAL_CONVERSION = YES;
				CLANG_WARN_OBJC_ROOT_CLASS = YES_ERROR;
				CLANG_WARN_RANGE_LOOP_ANALYSIS = YES;
				CLANG_WARN_STRICT_PROTOTYPES = YES;
				CLANG_WARN_SUSPICIOUS_MOVE = YES;
				CLANG_WARN_UNGUARDED_AVAILABILITY = YES_AGGRESSIVE;
				CLANG_WARN_UNREACHABLE_CODE = YES;
				CLANG_WARN__DUPLICATE_METHOD_MATCH = YES;
				CODE_SIGN_IDENTITY = "iPhone Developer";
				COPY_PHASE_STRIP = NO;
				DEBUG_INFORMATION_FORMAT = dwarf;
				ENABLE_STRICT_OBJC_MSGSEND = YES;
				ENABLE_TESTABILITY = YES;
				GCC_C_LANGUAGE_STANDARD = gnu11;
				GCC_DYNAMIC_NO_PIC = NO;
				GCC_NO_COMMON_BLOCKS = YES;
				GCC_OPTIMIZATION_LEVEL = 0;
				GCC_PREPROCESSOR_DEFINITIONS = (
					"DEBUG=1",
					"$(inherited)",
				);
				GCC_WARN_64_TO_32_BIT_CONVERSION = YES;
				GCC_WARN_ABOUT_RETURN_TYPE = YES_ERROR;
				GCC_WARN_UNDECLARED_SELECTOR = YES;
				GCC_WARN_UNINITIALIZED_AUTOS = YES_AGGRESSIVE;
				GCC_WARN_UNUSED_FUNCTION = YES;
				GCC_WARN_UNUSED_VARIABLE = YES;
				IPHONEOS_DEPLOYMENT_TARGET = 12.1;
				MTL_ENABLE_DEBUG_INFO = INCLUDE_SOURCE;
				MTL_FAST_MATH = YES;
				ONLY_ACTIVE_ARCH = YES;
				SDKROOT = iphoneos;
				SWIFT_ACTIVE_COMPILATION_CONDITIONS = DEBUG;
				SWIFT_OPTIMIZATION_LEVEL = "-Onone";
			};
			name = Debug;
		};
		096BD1A22239862B00CAD6C8 /* Release */ = {
			isa = XCBuildConfiguration;
			buildSettings = {
				ALWAYS_SEARCH_USER_PATHS = NO;
				CLANG_ANALYZER_NONNULL = YES;
				CLANG_ANALYZER_NUMBER_OBJECT_CONVERSION = YES_AGGRESSIVE;
				CLANG_CXX_LANGUAGE_STANDARD = "gnu++14";
				CLANG_CXX_LIBRARY = "libc++";
				CLANG_ENABLE_MODULES = YES;
				CLANG_ENABLE_OBJC_ARC = YES;
				CLANG_ENABLE_OBJC_WEAK = YES;
				CLANG_WARN_BLOCK_CAPTURE_AUTORELEASING = YES;
				CLANG_WARN_BOOL_CONVERSION = YES;
				CLANG_WARN_COMMA = YES;
				CLANG_WARN_CONSTANT_CONVERSION = YES;
				CLANG_WARN_DEPRECATED_OBJC_IMPLEMENTATIONS = YES;
				CLANG_WARN_DIRECT_OBJC_ISA_USAGE = YES_ERROR;
				CLANG_WARN_DOCUMENTATION_COMMENTS = YES;
				CLANG_WARN_EMPTY_BODY = YES;
				CLANG_WARN_ENUM_CONVERSION = YES;
				CLANG_WARN_INFINITE_RECURSION = YES;
				CLANG_WARN_INT_CONVERSION = YES;
				CLANG_WARN_NON_LITERAL_NULL_CONVERSION = YES;
				CLANG_WARN_OBJC_IMPLICIT_RETAIN_SELF = YES;
				CLANG_WARN_OBJC_LITERAL_CONVERSION = YES;
				CLANG_WARN_OBJC_ROOT_CLASS = YES_ERROR;
				CLANG_WARN_RANGE_LOOP_ANALYSIS = YES;
				CLANG_WARN_STRICT_PROTOTYPES = YES;
				CLANG_WARN_SUSPICIOUS_MOVE = YES;
				CLANG_WARN_UNGUARDED_AVAILABILITY = YES_AGGRESSIVE;
				CLANG_WARN_UNREACHABLE_CODE = YES;
				CLANG_WARN__DUPLICATE_METHOD_MATCH = YES;
				CODE_SIGN_IDENTITY = "iPhone Developer";
				COPY_PHASE_STRIP = NO;
				DEBUG_INFORMATION_FORMAT = "dwarf-with-dsym";
				ENABLE_NS_ASSERTIONS = NO;
				ENABLE_STRICT_OBJC_MSGSEND = YES;
				GCC_C_LANGUAGE_STANDARD = gnu11;
				GCC_NO_COMMON_BLOCKS = YES;
				GCC_WARN_64_TO_32_BIT_CONVERSION = YES;
				GCC_WARN_ABOUT_RETURN_TYPE = YES_ERROR;
				GCC_WARN_UNDECLARED_SELECTOR = YES;
				GCC_WARN_UNINITIALIZED_AUTOS = YES_AGGRESSIVE;
				GCC_WARN_UNUSED_FUNCTION = YES;
				GCC_WARN_UNUSED_VARIABLE = YES;
				IPHONEOS_DEPLOYMENT_TARGET = 12.1;
				MTL_ENABLE_DEBUG_INFO = NO;
				MTL_FAST_MATH = YES;
				SDKROOT = iphoneos;
				SWIFT_COMPILATION_MODE = wholemodule;
				SWIFT_OPTIMIZATION_LEVEL = "-O";
				VALIDATE_PRODUCT = YES;
			};
			name = Release;
		};
		096BD1A42239862B00CAD6C8 /* Debug */ = {
			isa = XCBuildConfiguration;
			baseConfigurationReference = 5F5402084E106FF840BAC930 /* Pods-FellowBloggerV2.debug.xcconfig */;
			buildSettings = {
				ASSETCATALOG_COMPILER_APPICON_NAME = AppIcon;
				CODE_SIGN_STYLE = Automatic;
				DEVELOPMENT_TEAM = AVC7FB3M8N;
				INFOPLIST_FILE = FellowBloggerV2/Info.plist;
				LD_RUNPATH_SEARCH_PATHS = (
					"$(inherited)",
					"@executable_path/Frameworks",
				);
				PRODUCT_BUNDLE_IDENTIFIER = com.alexcpaul.FellowBloggerV2;
				PRODUCT_NAME = "$(TARGET_NAME)";
				SWIFT_VERSION = 4.2;
				TARGETED_DEVICE_FAMILY = "1,2";
			};
			name = Debug;
		};
		096BD1A52239862B00CAD6C8 /* Release */ = {
			isa = XCBuildConfiguration;
			baseConfigurationReference = 1F19228C391A4F4F8C01A6C6 /* Pods-FellowBloggerV2.release.xcconfig */;
			buildSettings = {
				ASSETCATALOG_COMPILER_APPICON_NAME = AppIcon;
				CODE_SIGN_STYLE = Automatic;
				DEVELOPMENT_TEAM = AVC7FB3M8N;
				INFOPLIST_FILE = FellowBloggerV2/Info.plist;
				LD_RUNPATH_SEARCH_PATHS = (
					"$(inherited)",
					"@executable_path/Frameworks",
				);
				PRODUCT_BUNDLE_IDENTIFIER = com.alexcpaul.FellowBloggerV2;
				PRODUCT_NAME = "$(TARGET_NAME)";
				SWIFT_VERSION = 4.2;
				TARGETED_DEVICE_FAMILY = "1,2";
			};
			name = Release;
		};
/* End XCBuildConfiguration section */

/* Begin XCConfigurationList section */
		096BD18C2239862700CAD6C8 /* Build configuration list for PBXProject "FellowBloggerV2" */ = {
			isa = XCConfigurationList;
			buildConfigurations = (
				096BD1A12239862B00CAD6C8 /* Debug */,
				096BD1A22239862B00CAD6C8 /* Release */,
			);
			defaultConfigurationIsVisible = 0;
			defaultConfigurationName = Release;
		};
		096BD1A32239862B00CAD6C8 /* Build configuration list for PBXNativeTarget "FellowBloggerV2" */ = {
			isa = XCConfigurationList;
			buildConfigurations = (
				096BD1A42239862B00CAD6C8 /* Debug */,
				096BD1A52239862B00CAD6C8 /* Release */,
			);
			defaultConfigurationIsVisible = 0;
			defaultConfigurationName = Release;
		};
/* End XCConfigurationList section */
	};
	rootObject = 096BD1892239862700CAD6C8 /* Project object */;
}
