// !$*UTF8*$!
{
	archiveVersion = 1;
	classes = {
	};
	objectVersion = 50;
	objects = {

/* Begin PBXBuildFile section */
		096BD1952239862700CAD6C8 /* AppDelegate.swift in Sources */ = {isa = PBXBuildFile; fileRef = 096BD1942239862700CAD6C8 /* AppDelegate.swift */; };
		096BD1972239862700CAD6C8 /* ViewController.swift in Sources */ = {isa = PBXBuildFile; fileRef = 096BD1962239862700CAD6C8 /* ViewController.swift */; };
		096BD19A2239862700CAD6C8 /* Main.storyboard in Resources */ = {isa = PBXBuildFile; fileRef = 096BD1982239862700CAD6C8 /* Main.storyboard */; };
		096BD19C2239862B00CAD6C8 /* Assets.xcassets in Resources */ = {isa = PBXBuildFile; fileRef = 096BD19B2239862B00CAD6C8 /* Assets.xcassets */; };
		096BD19F2239862B00CAD6C8 /* LaunchScreen.storyboard in Resources */ = {isa = PBXBuildFile; fileRef = 096BD19D2239862B00CAD6C8 /* LaunchScreen.storyboard */; };
		096BD1A72239884400CAD6C8 /* GoogleService-Info.plist in Resources */ = {isa = PBXBuildFile; fileRef = 096BD1A62239884400CAD6C8 /* GoogleService-Info.plist */; };
		C638D1BAAC2DE18C776178EF /* Pods_FellowBloggerV2.framework in Frameworks */ = {isa = PBXBuildFile; fileRef = 40D4537D00FFAAAE0DC1AC34 /* Pods_FellowBloggerV2.framework */; };
/* End PBXBuildFile section */

/* Begin PBXFileReference section */
		096BD1912239862700CAD6C8 /* FellowBloggerV2.app */ = {isa = PBXFileReference; explicitFileType = wrapper.application; includeInIndex = 0; path = FellowBloggerV2.app; sourceTree = BUILT_PRODUCTS_DIR; };
		096BD1942239862700CAD6C8 /* AppDelegate.swift */ = {isa = PBXFileReference; lastKnownFileType = sourcecode.swift; path = AppDelegate.swift; sourceTree = "<group>"; };
		096BD1962239862700CAD6C8 /* ViewController.swift */ = {isa = PBXFileReference; lastKnownFileType = sourcecode.swift; path = ViewController.swift; sourceTree = "<group>"; };
		096BD1992239862700CAD6C8 /* Base */ = {isa = PBXFileReference; lastKnownFileType = file.storyboard; name = Base; path = Base.lproj/Main.storyboard; sourceTree = "<group>"; };
		096BD19B2239862B00CAD6C8 /* Assets.xcassets */ = {isa = PBXFileReference; lastKnownFileType = folder.assetcatalog; path = Assets.xcassets; sourceTree = "<group>"; };
		096BD19E2239862B00CAD6C8 /* Base */ = {isa = PBXFileReference; lastKnownFileType = file.storyboard; name = Base; path = Base.lproj/LaunchScreen.storyboard; sourceTree = "<group>"; };
		096BD1A02239862B00CAD6C8 /* Info.plist */ = {isa = PBXFileReference; lastKnownFileType = text.plist.xml; path = Info.plist; sourceTree = "<group>"; };
		096BD1A62239884400CAD6C8 /* GoogleService-Info.plist */ = {isa = PBXFileReference; fileEncoding = 4; lastKnownFileType = text.plist.xml; path = "GoogleService-Info.plist"; sourceTree = "<group>"; };
		1F19228C391A4F4F8C01A6C6 /* Pods-FellowBloggerV2.release.xcconfig */ = {isa = PBXFileReference; includeInIndex = 1; lastKnownFileType = text.xcconfig; name = "Pods-FellowBloggerV2.release.xcconfig"; path = "Target Support Files/Pods-FellowBloggerV2/Pods-FellowBloggerV2.release.xcconfig"; sourceTree = "<group>"; };
		40D4537D00FFAAAE0DC1AC34 /* Pods_FellowBloggerV2.framework */ = {isa = PBXFileReference; explicitFileType = wrapper.framework; includeInIndex = 0; path = Pods_FellowBloggerV2.framework; sourceTree = BUILT_PRODUCTS_DIR; };
		5F5402084E106FF840BAC930 /* Pods-FellowBloggerV2.debug.xcconfig */ = {isa = PBXFileReference; includeInIndex = 1; lastKnownFileType = text.xcconfig; name = "Pods-FellowBloggerV2.debug.xcconfig"; path = "Target Support Files/Pods-FellowBloggerV2/Pods-FellowBloggerV2.debug.xcconfig"; sourceTree = "<group>"; };
/* End PBXFileReference section */

/* Begin PBXFrameworksBuildPhase section */
		096BD18E2239862700CAD6C8 /* Frameworks */ = {
			isa = PBXFrameworksBuildPhase;
			buildActionMask = 2147483647;
			files = (
				C638D1BAAC2DE18C776178EF /* Pods_FellowBloggerV2.framework in Frameworks */,
			);
			runOnlyForDeploymentPostprocessing = 0;
		};
/* End PBXFrameworksBuildPhase section */

/* Begin PBXGroup section */
		096BD1882239862700CAD6C8 = {
			isa = PBXGroup;
			children = (
				096BD1932239862700CAD6C8 /* FellowBloggerV2 */,
				096BD1922239862700CAD6C8 /* Products */,
				A9AFEC735E8D959FD53E9AB1 /* Pods */,
				6F03F61B7E6648F7ACCE3A7A /* Frameworks */,
			);
			sourceTree = "<group>";
		};
		096BD1922239862700CAD6C8 /* Products */ = {
			isa = PBXGroup;
			children = (
				096BD1912239862700CAD6C8 /* FellowBloggerV2.app */,
			);
			name = Products;
			sourceTree = "<group>";
		};
		096BD1932239862700CAD6C8 /* FellowBloggerV2 */ = {
			isa = PBXGroup;
			children = (
				096BD1942239862700CAD6C8 /* AppDelegate.swift */,
				096BD1962239862700CAD6C8 /* ViewController.swift */,
				096BD1982239862700CAD6C8 /* Main.storyboard */,
				096BD19B2239862B00CAD6C8 /* Assets.xcassets */,
				096BD19D2239862B00CAD6C8 /* LaunchScreen.storyboard */,
				096BD1A02239862B00CAD6C8 /* Info.plist */,
				096BD1A62239884400CAD6C8 /* GoogleService-Info.plist */,
			);
			path = FellowBloggerV2;
			sourceTree = "<group>";
		};
		6F03F61B7E6648F7ACCE3A7A /* Frameworks */ = {
			isa = PBXGroup;
			children = (
				40D4537D00FFAAAE0DC1AC34 /* Pods_FellowBloggerV2.framework */,
			);
			name = Frameworks;
			sourceTree = "<group>";
		};
		A9AFEC735E8D959FD53E9AB1 /* Pods */ = {
			isa = PBXGroup;
			children = (
				5F5402084E106FF840BAC930 /* Pods-FellowBloggerV2.debug.xcconfig */,
				1F19228C391A4F4F8C01A6C6 /* Pods-FellowBloggerV2.release.xcconfig */,
			);
			path = Pods;
			sourceTree = "<group>";
		};
/* End PBXGroup section */

/* Begin PBXNativeTarget section */
		096BD1902239862700CAD6C8 /* FellowBloggerV2 */ = {
			isa = PBXNativeTarget;
			buildConfigurationList = 096BD1A32239862B00CAD6C8 /* Build configuration list for PBXNativeTarget "FellowBloggerV2" */;
			buildPhases = (
				BFAC35D6EA45DFC28D8D9276 /* [CP] Check Pods Manifest.lock */,
				096BD18D2239862700CAD6C8 /* Sources */,
				096BD18E2239862700CAD6C8 /* Frameworks */,
				096BD18F2239862700CAD6C8 /* Resources */,
				8A51F5BF7BDAA1B1AEAF3F0C /* [CP] Embed Pods Frameworks */,
				D14B56DD149BB9EF333B6DE7 /* [CP] Copy Pods Resources */,
			);
			buildRules = (
			);
			dependencies = (
			);
			name = FellowBloggerV2;
			productName = FellowBloggerV2;
			productReference = 096BD1912239862700CAD6C8 /* FellowBloggerV2.app */;
			productType = "com.apple.product-type.application";
		};
/* End PBXNativeTarget section */

/* Begin PBXProject section */
		096BD1892239862700CAD6C8 /* Project object */ = {
			isa = PBXProject;
			attributes = {
				LastSwiftUpdateCheck = 1010;
				LastUpgradeCheck = 1010;
				ORGANIZATIONNAME = "Oniel Rosario";
				TargetAttributes = {
					096BD1902239862700CAD6C8 = {
						CreatedOnToolsVersion = 10.1;
					};
				};
			};
			buildConfigurationList = 096BD18C2239862700CAD6C8 /* Build configuration list for PBXProject "FellowBloggerV2" */;
			compatibilityVersion = "Xcode 9.3";
			developmentRegion = en;
			hasScannedForEncodings = 0;
			knownRegions = (
				en,
				Base,
			);
			mainGroup = 096BD1882239862700CAD6C8;
			productRefGroup = 096BD1922239862700CAD6C8 /* Products */;
			projectDirPath = "";
			projectRoot = "";
			targets = (
				096BD1902239862700CAD6C8 /* FellowBloggerV2 */,
			);
		};
/* End PBXProject section */

/* Begin PBXResourcesBuildPhase section */
		096BD18F2239862700CAD6C8 /* Resources */ = {
			isa = PBXResourcesBuildPhase;
			buildActionMask = 2147483647;
			files = (
				096BD19F2239862B00CAD6C8 /* LaunchScreen.storyboard in Resources */,
				096BD1A72239884400CAD6C8 /* GoogleService-Info.plist in Resources */,
				096BD19C2239862B00CAD6C8 /* Assets.xcassets in Resources */,
				096BD19A2239862700CAD6C8 /* Main.storyboard in Resources */,
			);
			runOnlyForDeploymentPostprocessing = 0;
		};
/* End PBXResourcesBuildPhase section */

/* Begin PBXShellScriptBuildPhase section */
		8A51F5BF7BDAA1B1AEAF3F0C /* [CP] Embed Pods Frameworks */ = {
			isa = PBXShellScriptBuildPhase;
			buildActionMask = 2147483647;
			files = (
			);
			inputFileListPaths = (
			);
			inputPaths = (
				"${PODS_ROOT}/Target Support Files/Pods-FellowBloggerV2/Pods-FellowBloggerV2-frameworks.sh",
				"${BUILT_PRODUCTS_DIR}/BoringSSL/openssl.framework",
				"${BUILT_PRODUCTS_DIR}/GTMSessionFetcher/GTMSessionFetcher.framework",
				"${BUILT_PRODUCTS_DIR}/GoogleUtilities/GoogleUtilities.framework",
				"${BUILT_PRODUCTS_DIR}/Kingfisher/Kingfisher.framework",
				"${BUILT_PRODUCTS_DIR}/Protobuf/Protobuf.framework",
				"${BUILT_PRODUCTS_DIR}/Toucan/Toucan.framework",
				"${BUILT_PRODUCTS_DIR}/gRPC-C++/grpcpp.framework",
				"${BUILT_PRODUCTS_DIR}/gRPC-Core/grpc.framework",
				"${BUILT_PRODUCTS_DIR}/leveldb-library/leveldb.framework",
				"${BUILT_PRODUCTS_DIR}/nanopb/nanopb.framework",
			);
			name = "[CP] Embed Pods Frameworks";
			outputFileListPaths = (
			);
			outputPaths = (
				"${TARGET_BUILD_DIR}/${FRAMEWORKS_FOLDER_PATH}/openssl.framework",
				"${TARGET_BUILD_DIR}/${FRAMEWORKS_FOLDER_PATH}/GTMSessionFetcher.framework",
				"${TARGET_BUILD_DIR}/${FRAMEWORKS_FOLDER_PATH}/GoogleUtilities.framework",
				"${TARGET_BUILD_DIR}/${FRAMEWORKS_FOLDER_PATH}/Kingfisher.framework",
				"${TARGET_BUILD_DIR}/${FRAMEWORKS_FOLDER_PATH}/Protobuf.framework",
				"${TARGET_BUILD_DIR}/${FRAMEWORKS_FOLDER_PATH}/Toucan.framework",
				"${TARGET_BUILD_DIR}/${FRAMEWORKS_FOLDER_PATH}/grpcpp.framework",
				"${TARGET_BUILD_DIR}/${FRAMEWORKS_FOLDER_PATH}/grpc.framework",
				"${TARGET_BUILD_DIR}/${FRAMEWORKS_FOLDER_PATH}/leveldb.framework",
				"${TARGET_BUILD_DIR}/${FRAMEWORKS_FOLDER_PATH}/nanopb.framework",
			);
			runOnlyForDeploymentPostprocessing = 0;
			shellPath = /bin/sh;
			shellScript = "\"${PODS_ROOT}/Target Support Files/Pods-FellowBloggerV2/Pods-FellowBloggerV2-frameworks.sh\"\n";
			showEnvVarsInLog = 0;
		};
		BFAC35D6EA45DFC28D8D9276 /* [CP] Check Pods Manifest.lock */ = {
			isa = PBXShellScriptBuildPhase;
			buildActionMask = 2147483647;
			files = (
			);
			inputFileListPaths = (
			);
			inputPaths = (
				"${PODS_PODFILE_DIR_PATH}/Podfile.lock",
				"${PODS_ROOT}/Manifest.lock",
			);
			name = "[CP] Check Pods Manifest.lock";
			outputFileListPaths = (
			);
			outputPaths = (
				"$(DERIVED_FILE_DIR)/Pods-FellowBloggerV2-checkManifestLockResult.txt",
			);
			runOnlyForDeploymentPostprocessing = 0;
			shellPath = /bin/sh;
			shellScript = "diff \"${PODS_PODFILE_DIR_PATH}/Podfile.lock\" \"${PODS_ROOT}/Manifest.lock\" > /dev/null\nif [ $? != 0 ] ; then\n    # print error to STDERR\n    echo \"error: The sandbox is not in sync with the Podfile.lock. Run 'pod install' or update your CocoaPods installation.\" >&2\n    exit 1\nfi\n# This output is used by Xcode 'outputs' to avoid re-running this script phase.\necho \"SUCCESS\" > \"${SCRIPT_OUTPUT_FILE_0}\"\n";
			showEnvVarsInLog = 0;
		};
		D14B56DD149BB9EF333B6DE7 /* [CP] Copy Pods Resources */ = {
			isa = PBXShellScriptBuildPhase;
			buildActionMask = 2147483647;
			files = (
			);
			inputFileListPaths = (
			);
			inputPaths = (
				"${PODS_ROOT}/Target Support Files/Pods-FellowBloggerV2/Pods-FellowBloggerV2-resources.sh",
				"${PODS_CONFIGURATION_BUILD_DIR}/FirebaseFirestore/gRPCCertificates-Firestore.bundle",
			);
			name = "[CP] Copy Pods Resources";
			outputFileListPaths = (
			);
			outputPaths = (
				"${TARGET_BUILD_DIR}/${UNLOCALIZED_RESOURCES_FOLDER_PATH}/gRPCCertificates-Firestore.bundle",
			);
			runOnlyForDeploymentPostprocessing = 0;
			shellPath = /bin/sh;
			shellScript = "\"${PODS_ROOT}/Target Support Files/Pods-FellowBloggerV2/Pods-FellowBloggerV2-resources.sh\"\n";
			showEnvVarsInLog = 0;
		};
/* End PBXShellScriptBuildPhase section */

/* Begin PBXSourcesBuildPhase section */
		096BD18D2239862700CAD6C8 /* Sources */ = {
			isa = PBXSourcesBuildPhase;
			buildActionMask = 2147483647;
			files = (
				096BD1972239862700CAD6C8 /* ViewController.swift in Sources */,
				096BD1952239862700CAD6C8 /* AppDelegate.swift in Sources */,
			);
			runOnlyForDeploymentPostprocessing = 0;
		};
/* End PBXSourcesBuildPhase section */

/* Begin PBXVariantGroup section */
		096BD1982239862700CAD6C8 /* Main.storyboard */ = {
			isa = PBXVariantGroup;
			children = (
				096BD1992239862700CAD6C8 /* Base */,
			);
			name = Main.storyboard;
			sourceTree = "<group>";
		};
		096BD19D2239862B00CAD6C8 /* LaunchScreen.storyboard */ = {
			isa = PBXVariantGroup;
			children = (
				096BD19E2239862B00CAD6C8 /* Base */,
			);
			name = LaunchScreen.storyboard;
			sourceTree = "<group>";
		};
/* End PBXVariantGroup section */

/* Begin XCBuildConfiguration section */
		096BD1A12239862B00CAD6C8 /* Debug */ = {
			isa = XCBuildConfiguration;
			buildSettings = {
				ALWAYS_SEARCH_USER_PATHS = NO;
				CLANG_ANALYZER_NONNULL = YES;
				CLANG_ANALYZER_NUMBER_OBJECT_CONVERSION = YES_AGGRESSIVE;
				CLANG_CXX_LANGUAGE_STANDARD = "gnu++14";
				CLANG_CXX_LIBRARY = "libc++";
				CLANG_ENABLE_MODULES = YES;
				CLANG_ENABLE_OBJC_ARC = YES;
				CLANG_ENABLE_OBJC_WEAK = YES;
				CLANG_WARN_BLOCK_CAPTURE_AUTORELEASING = YES;
				CLANG_WARN_BOOL_CONVERSION = YES;
				CLANG_WARN_COMMA = YES;
				CLANG_WARN_CONSTANT_CONVERSION = YES;
				CLANG_WARN_DEPRECATED_OBJC_IMPLEMENTATIONS = YES;
				CLANG_WARN_DIRECT_OBJC_ISA_USAGE = YES_ERROR;
				CLANG_WARN_DOCUMENTATION_COMMENTS = YES;
				CLANG_WARN_EMPTY_BODY = YES;
				CLANG_WARN_ENUM_CONVERSION = YES;
				CLANG_WARN_INFINITE_RECURSION = YES;
				CLANG_WARN_INT_CONVERSION = YES;
				CLANG_WARN_NON_LITERAL_NULL_CONVERSION = YES;
				CLANG_WARN_OBJC_IMPLICIT_RETAIN_SELF = YES;
				CLANG_WARN_OBJC_LITERAL_CONVERSION = YES;
				CLANG_WARN_OBJC_ROOT_CLASS = YES_ERROR;
				CLANG_WARN_RANGE_LOOP_ANALYSIS = YES;
				CLANG_WARN_STRICT_PROTOTYPES = YES;
				CLANG_WARN_SUSPICIOUS_MOVE = YES;
				CLANG_WARN_UNGUARDED_AVAILABILITY = YES_AGGRESSIVE;
				CLANG_WARN_UNREACHABLE_CODE = YES;
				CLANG_WARN__DUPLICATE_METHOD_MATCH = YES;
				CODE_SIGN_IDENTITY = "iPhone Developer";
				COPY_PHASE_STRIP = NO;
				DEBUG_INFORMATION_FORMAT = dwarf;
				ENABLE_STRICT_OBJC_MSGSEND = YES;
				ENABLE_TESTABILITY = YES;
				GCC_C_LANGUAGE_STANDARD = gnu11;
				GCC_DYNAMIC_NO_PIC = NO;
				GCC_NO_COMMON_BLOCKS = YES;
				GCC_OPTIMIZATION_LEVEL = 0;
				GCC_PREPROCESSOR_DEFINITIONS = (
					"DEBUG=1",
					"$(inherited)",
				);
				GCC_WARN_64_TO_32_BIT_CONVERSION = YES;
				GCC_WARN_ABOUT_RETURN_TYPE = YES_ERROR;
				GCC_WARN_UNDECLARED_SELECTOR = YES;
				GCC_WARN_UNINITIALIZED_AUTOS = YES_AGGRESSIVE;
				GCC_WARN_UNUSED_FUNCTION = YES;
				GCC_WARN_UNUSED_VARIABLE = YES;
				IPHONEOS_DEPLOYMENT_TARGET = 12.1;
				MTL_ENABLE_DEBUG_INFO = INCLUDE_SOURCE;
				MTL_FAST_MATH = YES;
				ONLY_ACTIVE_ARCH = YES;
				SDKROOT = iphoneos;
				SWIFT_ACTIVE_COMPILATION_CONDITIONS = DEBUG;
				SWIFT_OPTIMIZATION_LEVEL = "-Onone";
			};
			name = Debug;
		};
		096BD1A22239862B00CAD6C8 /* Release */ = {
			isa = XCBuildConfiguration;
			buildSettings = {
				ALWAYS_SEARCH_USER_PATHS = NO;
				CLANG_ANALYZER_NONNULL = YES;
				CLANG_ANALYZER_NUMBER_OBJECT_CONVERSION = YES_AGGRESSIVE;
				CLANG_CXX_LANGUAGE_STANDARD = "gnu++14";
				CLANG_CXX_LIBRARY = "libc++";
				CLANG_ENABLE_MODULES = YES;
				CLANG_ENABLE_OBJC_ARC = YES;
				CLANG_ENABLE_OBJC_WEAK = YES;
				CLANG_WARN_BLOCK_CAPTURE_AUTORELEASING = YES;
				CLANG_WARN_BOOL_CONVERSION = YES;
				CLANG_WARN_COMMA = YES;
				CLANG_WARN_CONSTANT_CONVERSION = YES;
				CLANG_WARN_DEPRECATED_OBJC_IMPLEMENTATIONS = YES;
				CLANG_WARN_DIRECT_OBJC_ISA_USAGE = YES_ERROR;
				CLANG_WARN_DOCUMENTATION_COMMENTS = YES;
				CLANG_WARN_EMPTY_BODY = YES;
				CLANG_WARN_ENUM_CONVERSION = YES;
				CLANG_WARN_INFINITE_RECURSION = YES;
				CLANG_WARN_INT_CONVERSION = YES;
				CLANG_WARN_NON_LITERAL_NULL_CONVERSION = YES;
				CLANG_WARN_OBJC_IMPLICIT_RETAIN_SELF = YES;
				CLANG_WARN_OBJC_LITERAL_CONVERSION = YES;
				CLANG_WARN_OBJC_ROOT_CLASS = YES_ERROR;
				CLANG_WARN_RANGE_LOOP_ANALYSIS = YES;
				CLANG_WARN_STRICT_PROTOTYPES = YES;
				CLANG_WARN_SUSPICIOUS_MOVE = YES;
				CLANG_WARN_UNGUARDED_AVAILABILITY = YES_AGGRESSIVE;
				CLANG_WARN_UNREACHABLE_CODE = YES;
				CLANG_WARN__DUPLICATE_METHOD_MATCH = YES;
				CODE_SIGN_IDENTITY = "iPhone Developer";
				COPY_PHASE_STRIP = NO;
				DEBUG_INFORMATION_FORMAT = "dwarf-with-dsym";
				ENABLE_NS_ASSERTIONS = NO;
				ENABLE_STRICT_OBJC_MSGSEND = YES;
				GCC_C_LANGUAGE_STANDARD = gnu11;
				GCC_NO_COMMON_BLOCKS = YES;
				GCC_WARN_64_TO_32_BIT_CONVERSION = YES;
				GCC_WARN_ABOUT_RETURN_TYPE = YES_ERROR;
				GCC_WARN_UNDECLARED_SELECTOR = YES;
				GCC_WARN_UNINITIALIZED_AUTOS = YES_AGGRESSIVE;
				GCC_WARN_UNUSED_FUNCTION = YES;
				GCC_WARN_UNUSED_VARIABLE = YES;
				IPHONEOS_DEPLOYMENT_TARGET = 12.1;
				MTL_ENABLE_DEBUG_INFO = NO;
				MTL_FAST_MATH = YES;
				SDKROOT = iphoneos;
				SWIFT_COMPILATION_MODE = wholemodule;
				SWIFT_OPTIMIZATION_LEVEL = "-O";
				VALIDATE_PRODUCT = YES;
			};
			name = Release;
		};
		096BD1A42239862B00CAD6C8 /* Debug */ = {
			isa = XCBuildConfiguration;
			baseConfigurationReference = 5F5402084E106FF840BAC930 /* Pods-FellowBloggerV2.debug.xcconfig */;
			buildSettings = {
				ASSETCATALOG_COMPILER_APPICON_NAME = AppIcon;
				CODE_SIGN_STYLE = Automatic;
				DEVELOPMENT_TEAM = AVC7FB3M8N;
				INFOPLIST_FILE = FellowBloggerV2/Info.plist;
				LD_RUNPATH_SEARCH_PATHS = (
					"$(inherited)",
					"@executable_path/Frameworks",
				);
				PRODUCT_BUNDLE_IDENTIFIER = typesAndVariables.FellowBloggerV2;
				PRODUCT_NAME = "$(TARGET_NAME)";
				SWIFT_VERSION = 4.2;
				TARGETED_DEVICE_FAMILY = "1,2";
			};
			name = Debug;
		};
		096BD1A52239862B00CAD6C8 /* Release */ = {
			isa = XCBuildConfiguration;
			baseConfigurationReference = 1F19228C391A4F4F8C01A6C6 /* Pods-FellowBloggerV2.release.xcconfig */;
			buildSettings = {
				ASSETCATALOG_COMPILER_APPICON_NAME = AppIcon;
				CODE_SIGN_STYLE = Automatic;
				DEVELOPMENT_TEAM = AVC7FB3M8N;
				INFOPLIST_FILE = FellowBloggerV2/Info.plist;
				LD_RUNPATH_SEARCH_PATHS = (
					"$(inherited)",
					"@executable_path/Frameworks",
				);
				PRODUCT_BUNDLE_IDENTIFIER = typesAndVariables.FellowBloggerV2;
				PRODUCT_NAME = "$(TARGET_NAME)";
				SWIFT_VERSION = 4.2;
				TARGETED_DEVICE_FAMILY = "1,2";
			};
			name = Release;
		};
/* End XCBuildConfiguration section */

/* Begin XCConfigurationList section */
		096BD18C2239862700CAD6C8 /* Build configuration list for PBXProject "FellowBloggerV2" */ = {
			isa = XCConfigurationList;
			buildConfigurations = (
				096BD1A12239862B00CAD6C8 /* Debug */,
				096BD1A22239862B00CAD6C8 /* Release */,
			);
			defaultConfigurationIsVisible = 0;
			defaultConfigurationName = Release;
		};
		096BD1A32239862B00CAD6C8 /* Build configuration list for PBXNativeTarget "FellowBloggerV2" */ = {
			isa = XCConfigurationList;
			buildConfigurations = (
				096BD1A42239862B00CAD6C8 /* Debug */,
				096BD1A52239862B00CAD6C8 /* Release */,
			);
			defaultConfigurationIsVisible = 0;
			defaultConfigurationName = Release;
		};
/* End XCConfigurationList section */
	};
	rootObject = 096BD1892239862700CAD6C8 /* Project object */;
}
